
Microsoft Visual Studio Solution File, Format Version 12.00
# Visual Studio Version 17
VisualStudioVersion = 17.0.32112.339
MinimumVisualStudioVersion = 10.0.40219.1
Project("{2150E333-8FDC-42A3-9474-1A3956D46DE8}") = "Solution Items", "Solution Items", "{AA6B7C01-E324-4725-8D75-F083F1B55236}"
	ProjectSection(SolutionItems) = preProject
		.editorconfig = .editorconfig
		stylecop.json = stylecop.json
	EndProjectSection
EndProject
Project("{9A19103F-16F7-4668-BE54-9A1E7A4F7556}") = "HowToReadAndWriteCSV", "HowToReadAndWriteCSV\HowToReadAndWriteCSV.csproj", "{8CD1EBE0-BDD6-4C88-84EB-D82E556898FA}"
EndProject
Project("{2150E333-8FDC-42A3-9474-1A3956D46DE8}") = "Tests", "Tests", "{1A4B67EC-B2A3-4963-A938-183D989F1FA2}"
EndProject
Project("{9A19103F-16F7-4668-BE54-9A1E7A4F7556}") = "HowToReadAndWriteCSVTests", "Tests\HowToReadAndWriteCSVTests\HowToReadAndWriteCSVTests.csproj", "{7959680B-B13F-4F89-A2FE-1DE22FAEBA90}"
EndProject
Project("{9A19103F-16F7-4668-BE54-9A1E7A4F7556}") = "HowToUseStreams", "HowToUseStreams\HowToUseStreams.csproj", "{60F8D6B6-EBA4-410F-B3F7-D279C94D1FF6}"
EndProject
Project("{9A19103F-16F7-4668-BE54-9A1E7A4F7556}") = "HowToUseStreamsTests", "Tests\HowToUseStreamsTests\HowToUseStreamsTests.csproj", "{F1DBAEFA-0DD1-455B-ACD8-AC373264F090}"
EndProject
Project("{FAE04EC0-301F-11D3-BF4B-00C04F79EFBC}") = "HowToWorkWithXML", "HowToWorkWithXML\HowToWorkWithXML.csproj", "{69E36922-48B2-4786-84BA-6DA72FED1D2E}"
EndProject
Project("{FAE04EC0-301F-11D3-BF4B-00C04F79EFBC}") = "HttpServer", "HttpServer\HttpServer.csproj", "{BF889EC9-50B6-4823-BE6D-370FDAAB4736}"
EndProject
Global
	GlobalSection(SolutionConfigurationPlatforms) = preSolution
		Debug|Any CPU = Debug|Any CPU
		Release|Any CPU = Release|Any CPU
	EndGlobalSection
	GlobalSection(ProjectConfigurationPlatforms) = postSolution
		{8CD1EBE0-BDD6-4C88-84EB-D82E556898FA}.Debug|Any CPU.ActiveCfg = Debug|Any CPU
		{8CD1EBE0-BDD6-4C88-84EB-D82E556898FA}.Debug|Any CPU.Build.0 = Debug|Any CPU
		{8CD1EBE0-BDD6-4C88-84EB-D82E556898FA}.Release|Any CPU.ActiveCfg = Release|Any CPU
		{8CD1EBE0-BDD6-4C88-84EB-D82E556898FA}.Release|Any CPU.Build.0 = Release|Any CPU
		{7959680B-B13F-4F89-A2FE-1DE22FAEBA90}.Debug|Any CPU.ActiveCfg = Debug|Any CPU
		{7959680B-B13F-4F89-A2FE-1DE22FAEBA90}.Debug|Any CPU.Build.0 = Debug|Any CPU
		{7959680B-B13F-4F89-A2FE-1DE22FAEBA90}.Release|Any CPU.ActiveCfg = Release|Any CPU
		{7959680B-B13F-4F89-A2FE-1DE22FAEBA90}.Release|Any CPU.Build.0 = Release|Any CPU
		{60F8D6B6-EBA4-410F-B3F7-D279C94D1FF6}.Debug|Any CPU.ActiveCfg = Debug|Any CPU
		{60F8D6B6-EBA4-410F-B3F7-D279C94D1FF6}.Debug|Any CPU.Build.0 = Debug|Any CPU
		{60F8D6B6-EBA4-410F-B3F7-D279C94D1FF6}.Release|Any CPU.ActiveCfg = Release|Any CPU
		{60F8D6B6-EBA4-410F-B3F7-D279C94D1FF6}.Release|Any CPU.Build.0 = Release|Any CPU
		{F1DBAEFA-0DD1-455B-ACD8-AC373264F090}.Debug|Any CPU.ActiveCfg = Debug|Any CPU
		{F1DBAEFA-0DD1-455B-ACD8-AC373264F090}.Debug|Any CPU.Build.0 = Debug|Any CPU
		{F1DBAEFA-0DD1-455B-ACD8-AC373264F090}.Release|Any CPU.ActiveCfg = Release|Any CPU
		{F1DBAEFA-0DD1-455B-ACD8-AC373264F090}.Release|Any CPU.Build.0 = Release|Any CPU
		{69E36922-48B2-4786-84BA-6DA72FED1D2E}.Debug|Any CPU.ActiveCfg = Debug|Any CPU
		{69E36922-48B2-4786-84BA-6DA72FED1D2E}.Debug|Any CPU.Build.0 = Debug|Any CPU
		{69E36922-48B2-4786-84BA-6DA72FED1D2E}.Release|Any CPU.ActiveCfg = Release|Any CPU
		{69E36922-48B2-4786-84BA-6DA72FED1D2E}.Release|Any CPU.Build.0 = Release|Any CPU
		{BF889EC9-50B6-4823-BE6D-370FDAAB4736}.Debug|Any CPU.ActiveCfg = Debug|Any CPU
		{BF889EC9-50B6-4823-BE6D-370FDAAB4736}.Debug|Any CPU.Build.0 = Debug|Any CPU
		{BF889EC9-50B6-4823-BE6D-370FDAAB4736}.Release|Any CPU.ActiveCfg = Release|Any CPU
		{BF889EC9-50B6-4823-BE6D-370FDAAB4736}.Release|Any CPU.Build.0 = Release|Any CPU
	EndGlobalSection
	GlobalSection(SolutionProperties) = preSolution
		HideSolutionNode = FALSE
	EndGlobalSection
	GlobalSection(NestedProjects) = preSolution
		{7959680B-B13F-4F89-A2FE-1DE22FAEBA90} = {1A4B67EC-B2A3-4963-A938-183D989F1FA2}
		{F1DBAEFA-0DD1-455B-ACD8-AC373264F090} = {1A4B67EC-B2A3-4963-A938-183D989F1FA2}
	EndGlobalSection
	GlobalSection(ExtensibilityGlobals) = postSolution
		SolutionGuid = {407D2786-DE97-49D7-9073-3C76732AB557}
	EndGlobalSection
EndGlobal
